
Microsoft Visual Studio Solution File, Format Version 12.00
# Visual Studio 15
VisualStudioVersion = 15.0.26430.14
MinimumVisualStudioVersion = 10.0.40219.1
Project("{FAE04EC0-301F-11D3-BF4B-00C04F79EFBC}") = "Diaballik", "Diaballik\Diaballik.csproj", "{401CF137-8678-4392-A88D-4CA77828EFC5}"
EndProject
Project("{8BC9CEB8-8B4A-11D0-8D11-00A0C91BC942}") = "libCPP", "IAlib\IAlib.vcxproj", "{858EC6D8-FED0-41BB-B603-DFD5F61E9792}"
EndProject
Project("{FAE04EC0-301F-11D3-BF4B-00C04F79EFBC}") = "TestLibCPP", "TestLibCPP\TestLibCPP.csproj", "{F8710EB5-2C44-49EF-BC25-61B9A6905320}"
EndProject
Project("{FAE04EC0-301F-11D3-BF4B-00C04F79EFBC}") = "TestModel", "TestModel\TestModel.csproj", "{6E7B633D-77C3-4F9C-A2C3-68626B69439C}"
EndProject
Project("{FAE04EC0-301F-11D3-BF4B-00C04F79EFBC}") = "DiaballikGame", "DiaballikGame\DiaballikGame.csproj", "{6A2227C5-E8E7-46EE-B442-06CA7014B7BF}"
EndProject
Global
	GlobalSection(SolutionConfigurationPlatforms) = preSolution
		Debug|Any CPU = Debug|Any CPU
		Debug|x64 = Debug|x64
		Debug|x86 = Debug|x86
		Release|Any CPU = Release|Any CPU
		Release|x64 = Release|x64
		Release|x86 = Release|x86
	EndGlobalSection
	GlobalSection(ProjectConfigurationPlatforms) = postSolution
		{401CF137-8678-4392-A88D-4CA77828EFC5}.Debug|Any CPU.ActiveCfg = Debug|Any CPU
		{401CF137-8678-4392-A88D-4CA77828EFC5}.Debug|Any CPU.Build.0 = Debug|Any CPU
		{401CF137-8678-4392-A88D-4CA77828EFC5}.Debug|x64.ActiveCfg = Debug|Any CPU
		{401CF137-8678-4392-A88D-4CA77828EFC5}.Debug|x64.Build.0 = Debug|Any CPU
		{401CF137-8678-4392-A88D-4CA77828EFC5}.Debug|x86.ActiveCfg = Debug|Any CPU
		{401CF137-8678-4392-A88D-4CA77828EFC5}.Debug|x86.Build.0 = Debug|Any CPU
		{401CF137-8678-4392-A88D-4CA77828EFC5}.Release|Any CPU.ActiveCfg = Release|Any CPU
		{401CF137-8678-4392-A88D-4CA77828EFC5}.Release|Any CPU.Build.0 = Release|Any CPU
		{401CF137-8678-4392-A88D-4CA77828EFC5}.Release|x64.ActiveCfg = Release|Any CPU
		{401CF137-8678-4392-A88D-4CA77828EFC5}.Release|x64.Build.0 = Release|Any CPU
		{401CF137-8678-4392-A88D-4CA77828EFC5}.Release|x86.ActiveCfg = Release|Any CPU
		{401CF137-8678-4392-A88D-4CA77828EFC5}.Release|x86.Build.0 = Release|Any CPU
		{858EC6D8-FED0-41BB-B603-DFD5F61E9792}.Debug|Any CPU.ActiveCfg = Debug|Win32
		{858EC6D8-FED0-41BB-B603-DFD5F61E9792}.Debug|x64.ActiveCfg = Debug|x64
		{858EC6D8-FED0-41BB-B603-DFD5F61E9792}.Debug|x64.Build.0 = Debug|x64
		{858EC6D8-FED0-41BB-B603-DFD5F61E9792}.Debug|x86.ActiveCfg = Debug|Win32
		{858EC6D8-FED0-41BB-B603-DFD5F61E9792}.Debug|x86.Build.0 = Debug|Win32
		{858EC6D8-FED0-41BB-B603-DFD5F61E9792}.Release|Any CPU.ActiveCfg = Release|Win32
		{858EC6D8-FED0-41BB-B603-DFD5F61E9792}.Release|x64.ActiveCfg = Release|x64
		{858EC6D8-FED0-41BB-B603-DFD5F61E9792}.Release|x64.Build.0 = Release|x64
		{858EC6D8-FED0-41BB-B603-DFD5F61E9792}.Release|x86.ActiveCfg = Release|Win32
		{858EC6D8-FED0-41BB-B603-DFD5F61E9792}.Release|x86.Build.0 = Release|Win32
		{F8710EB5-2C44-49EF-BC25-61B9A6905320}.Debug|Any CPU.ActiveCfg = Debug|Any CPU
		{F8710EB5-2C44-49EF-BC25-61B9A6905320}.Debug|Any CPU.Build.0 = Debug|Any CPU
		{F8710EB5-2C44-49EF-BC25-61B9A6905320}.Debug|x64.ActiveCfg = Debug|Any CPU
		{F8710EB5-2C44-49EF-BC25-61B9A6905320}.Debug|x64.Build.0 = Debug|Any CPU
		{F8710EB5-2C44-49EF-BC25-61B9A6905320}.Debug|x86.ActiveCfg = Debug|Any CPU
		{F8710EB5-2C44-49EF-BC25-61B9A6905320}.Debug|x86.Build.0 = Debug|Any CPU
		{F8710EB5-2C44-49EF-BC25-61B9A6905320}.Release|Any CPU.ActiveCfg = Release|Any CPU
		{F8710EB5-2C44-49EF-BC25-61B9A6905320}.Release|Any CPU.Build.0 = Release|Any CPU
		{F8710EB5-2C44-49EF-BC25-61B9A6905320}.Release|x64.ActiveCfg = Release|Any CPU
		{F8710EB5-2C44-49EF-BC25-61B9A6905320}.Release|x64.Build.0 = Release|Any CPU
		{F8710EB5-2C44-49EF-BC25-61B9A6905320}.Release|x86.ActiveCfg = Release|Any CPU
		{F8710EB5-2C44-49EF-BC25-61B9A6905320}.Release|x86.Build.0 = Release|Any CPU
		{6E7B633D-77C3-4F9C-A2C3-68626B69439C}.Debug|Any CPU.ActiveCfg = Debug|Any CPU
		{6E7B633D-77C3-4F9C-A2C3-68626B69439C}.Debug|Any CPU.Build.0 = Debug|Any CPU
		{6E7B633D-77C3-4F9C-A2C3-68626B69439C}.Debug|x64.ActiveCfg = Debug|Any CPU
		{6E7B633D-77C3-4F9C-A2C3-68626B69439C}.Debug|x64.Build.0 = Debug|Any CPU
		{6E7B633D-77C3-4F9C-A2C3-68626B69439C}.Debug|x86.ActiveCfg = Debug|Any CPU
		{6E7B633D-77C3-4F9C-A2C3-68626B69439C}.Debug|x86.Build.0 = Debug|Any CPU
		{6E7B633D-77C3-4F9C-A2C3-68626B69439C}.Release|Any CPU.ActiveCfg = Release|Any CPU
		{6E7B633D-77C3-4F9C-A2C3-68626B69439C}.Release|Any CPU.Build.0 = Release|Any CPU
		{6E7B633D-77C3-4F9C-A2C3-68626B69439C}.Release|x64.ActiveCfg = Release|Any CPU
		{6E7B633D-77C3-4F9C-A2C3-68626B69439C}.Release|x64.Build.0 = Release|Any CPU
		{6E7B633D-77C3-4F9C-A2C3-68626B69439C}.Release|x86.ActiveCfg = Release|Any CPU
		{6E7B633D-77C3-4F9C-A2C3-68626B69439C}.Release|x86.Build.0 = Release|Any CPU
		{6A2227C5-E8E7-46EE-B442-06CA7014B7BF}.Debug|Any CPU.ActiveCfg = Debug|Any CPU
		{6A2227C5-E8E7-46EE-B442-06CA7014B7BF}.Debug|Any CPU.Build.0 = Debug|Any CPU
		{6A2227C5-E8E7-46EE-B442-06CA7014B7BF}.Debug|x64.ActiveCfg = Debug|Any CPU
		{6A2227C5-E8E7-46EE-B442-06CA7014B7BF}.Debug|x64.Build.0 = Debug|Any CPU
		{6A2227C5-E8E7-46EE-B442-06CA7014B7BF}.Debug|x86.ActiveCfg = Debug|Any CPU
		{6A2227C5-E8E7-46EE-B442-06CA7014B7BF}.Debug|x86.Build.0 = Debug|Any CPU
		{6A2227C5-E8E7-46EE-B442-06CA7014B7BF}.Release|Any CPU.ActiveCfg = Release|Any CPU
		{6A2227C5-E8E7-46EE-B442-06CA7014B7BF}.Release|Any CPU.Build.0 = Release|Any CPU
		{6A2227C5-E8E7-46EE-B442-06CA7014B7BF}.Release|x64.ActiveCfg = Release|Any CPU
		{6A2227C5-E8E7-46EE-B442-06CA7014B7BF}.Release|x64.Build.0 = Release|Any CPU
		{6A2227C5-E8E7-46EE-B442-06CA7014B7BF}.Release|x86.ActiveCfg = Release|Any CPU
		{6A2227C5-E8E7-46EE-B442-06CA7014B7BF}.Release|x86.Build.0 = Release|Any CPU
	EndGlobalSection
	GlobalSection(SolutionProperties) = preSolution
		HideSolutionNode = FALSE
	EndGlobalSection
	GlobalSection(ExtensibilityGlobals) = postSolution
		SolutionGuid = {C3FCC562-E0F6-4CCB-83E3-14515F9AF007}
	EndGlobalSection
EndGlobal
